NeoBundleLock MatchTagAlways 352eb479a4ad1608e0880b79ab2357aac2cf4bed
NeoBundleLock ale 99e9417ef901824200040c6a2d3e84f2e0ff4b8e
NeoBundleLock base16-vim fcce6bce6a2f4b14eea7ea388031c0aa65e4b67d
NeoBundleLock bclose.vim dd55ebc4097d40b0335f3be15656d31b8fa250ef
NeoBundleLock bufexplorer 4235f7c8fceca67e394b4c9773ca93864ea84cca
NeoBundleLock deoplete-ternjs 4b6276019a1491cc5003a0b007ca1aaeab671f57
NeoBundleLock deoplete.nvim 8c2117b966a7f05091cd49609f8ee3641f260997
NeoBundleLock fzf d4ed955aee08a1c2ceb64e562ab4a88bdc9af8f0
NeoBundleLock html5.vim 3db896baa26839b866db3db5d8997cc830874a24
NeoBundleLock jspc.vim 8ed18e8fd00f60aa9aacadfdb2163861740f9e42
NeoBundleLock neobundle.vim 1306c131ff0a6cc094b7ff0727350e442b5427f1
NeoBundleLock supertab 40fe711e088e2ab346738233dd5adbb1be355172
NeoBundleLock tern_for_vim 3cffc28f280fc599d3f997b1c8c00ddc78d8fc21
NeoBundleLock ultisnips 6fdc3647f72e0a1f321ea6bd092ecd01f7c187ba
NeoBundleLock vim-airline da8035d8a83c85197d27a258465d8373ec6d5cd4
NeoBundleLock vim-airline-themes 725789c110fbab52f8c18021f9d043839d7e31ed
NeoBundleLock vim-autoformat 98233b8f353fa5d237e89859a8f1b91c14c21397
NeoBundleLock vim-grammarous d52086d0f99e8008be9fa717bfaa0ee028f09e29
NeoBundleLock vim-javascript dd84369d731bcb8feee0901cbb9b63a2b219bf28
NeoBundleLock vim-jsx ffc0bfd9da15d0fce02d117b843f718160f7ad27
NeoBundleLock vim-pug 3f341b48e46a84891e19d449a5e336bcfc5a57a0
NeoBundleLock vim-snippets 1a08e283d48b4a1ada1fbcc7c363ee040aeec0c9
NeoBundleLock vim-tsx 77c89c42e189fefd3c9a632b37b7e3b3b9edf918
NeoBundleLock vim-vue 2df46524311e719af51394726f5f88fc2aa08bd2
NeoBundleLock vimtex cad3b43eca41b75cedab9ac86241f006aa3202ea
NeoBundleLock vimwiki f55ec31675e372e2f59d51322b445ea91191ec2b
