NeoBundleLock neobundle.vim c6fa48cd665071b7a4dbf5ab53f48cd5884716ee
NeoBundleLock vim-airline 1891933e591d3e80012f9186d5111994bb668b0f
NeoBundleLock vim-airline-themes 01a31eb7b7025c11adcb91505461a3c7d597f9e8
NeoBundleLock vim-javascript 4eac815fac9d2d9cbb5c154fd09373d11a21cd37
NeoBundleLock vim-pug ddc5592f8c36bf4bd915c16b38b8c76292c2b975
NeoBundleLock vimwiki 4831384ab9f1c40c9e433857d958c4d9a7beb8ec
