NeoBundleLock MatchTagAlways 352eb479a4ad1608e0880b79ab2357aac2cf4bed
NeoBundleLock ale 1ee7f6c97bb73bb6e12f00e527b664c5ea0df167
NeoBundleLock base16-vim 6191622d5806d4448fa2285047936bdcee57a098
NeoBundleLock bclose.vim 99018b4a2dd18aea1cbd3aa23565b01a0f8c5b73
NeoBundleLock bufexplorer 29258f58357acc10c672585a9efe8913d756734d
NeoBundleLock deoplete.nvim 27be5ec45cf52223b225b25517bc088cfcf3c959
NeoBundleLock html5.vim 7c9f6f38ce4f9d35db7eeedb764035b6b63922c6
NeoBundleLock instant.nvim 9d5dc5162b35f823cdb77b481782bcb46eb8f453
NeoBundleLock jspc.vim a957665464020b2b4003f2a31d941ef3b95ffa40
NeoBundleLock neobundle.vim 1306c131ff0a6cc094b7ff0727350e442b5427f1
NeoBundleLock omnisharp-vim 1bd3dfb77055347d9048cb6661823e9139ac8ce7
NeoBundleLock ranger.vim 91e82debdf566dfaf47df3aef0a5fd823cedf41c
NeoBundleLock supertab d80e8e2c1fa08607fa34c0ca5f1b66d8a906c5ef
NeoBundleLock tabular 339091ac4dd1f17e225fe7d57b48aff55f99b23a
NeoBundleLock tern_for_vim 994ffbe783da36d67786b6c66a4bf784c5eab300
NeoBundleLock ultisnips 66d81fc2c0bda30be69fffa46da0932ee8d5ddd5
NeoBundleLock vim-airline cb1bc19064d3762e4e08103afb37a246b797d902
NeoBundleLock vim-airline-themes d148d42d9caf331ff08b6cae683d5b210003cde7
NeoBundleLock vim-autoformat 2a6f931987c1cc5e5bc0c4c44f21ac9bd4c72f3b
NeoBundleLock vim-closetag bd6bbc33c7e178673aa1dd17a5d249bbd4e3a6a6
NeoBundleLock vim-csharp b5982fc69bba7d507638a308d6875b031054280d
NeoBundleLock vim-grammarous db46357465ce587d5325e816235b5e92415f8c05
NeoBundleLock vim-javascript 3c90d0cc37bb8b78422f647e62587f498a5dd7bd
NeoBundleLock vim-jsx 8879e0d9c5ba0e04ecbede1c89f63b7a0efa24af
NeoBundleLock vim-latex 686c7ccaba42d4605c85b194ccedaff7f451a3f4
NeoBundleLock vim-pug ea39cd942cf3194230cf72bfb838901a5344d3b3
NeoBundleLock vim-snippets 8426857c1b8d1c00bbe0faa6dfff99acb1521042
NeoBundleLock vim-tex-fold 5ad3e2cd396eb876ae48ee1ebaba956b21fe1642
NeoBundleLock vim-tsx 77c89c42e189fefd3c9a632b37b7e3b3b9edf918
NeoBundleLock vim-vue c424294e769b26659176065f9713c395731f7b3a
NeoBundleLock vimtex 4ff3e993ef17c7101d8db9de79674e320a20fcec
NeoBundleLock vimwiki 619f04f89861c58e5a6415a4f83847752928252d
